// !$*UTF8*$!
{
	archiveVersion = 1;
	classes = {
	};
	objectVersion = 46;
	objects = {

/* Begin PBXBuildFile section */
		6BF9D0D41A2CCDC70055E654 /* ParEGOIteration3.cpp in Sources */ = {isa = PBXBuildFile; fileRef = 6BF9D0D21A2CCDC70055E654 /* ParEGOIteration3.cpp */; };
		6BF9D0DA1A2D03390055E654 /* LatinHypercube.cpp in Sources */ = {isa = PBXBuildFile; fileRef = 6BF9D0D81A2D03390055E654 /* LatinHypercube.cpp */; };
/* End PBXBuildFile section */

/* Begin PBXCopyFilesBuildPhase section */
		6BF9D0C61A2CBC690055E654 /* CopyFiles */ = {
			isa = PBXCopyFilesBuildPhase;
			buildActionMask = 2147483647;
			dstPath = /usr/share/man/man1/;
			dstSubfolderSpec = 0;
			files = (
			);
			runOnlyForDeploymentPostprocessing = 1;
		};
/* End PBXCopyFilesBuildPhase section */

/* Begin PBXFileReference section */
		6B293BD21A2F45DE00CC33FC /* FitnessFunction.h */ = {isa = PBXFileReference; fileEncoding = 4; indentWidth = 3; lastKnownFileType = sourcecode.c.h; path = FitnessFunction.h; sourceTree = "<group>"; };
		6BF9D0C81A2CBC690055E654 /* ParEGOIteration3 */ = {isa = PBXFileReference; explicitFileType = "compiled.mach-o.executable"; includeInIndex = 0; path = ParEGOIteration3; sourceTree = BUILT_PRODUCTS_DIR; };
		6BF9D0D21A2CCDC70055E654 /* ParEGOIteration3.cpp */ = {isa = PBXFileReference; fileEncoding = 4; lastKnownFileType = sourcecode.cpp.cpp; path = ParEGOIteration3.cpp; sourceTree = "<group>"; };
		6BF9D0D31A2CCDC70055E654 /* ParEGOIteration3.h */ = {isa = PBXFileReference; fileEncoding = 4; lastKnownFileType = sourcecode.c.h; path = ParEGOIteration3.h; sourceTree = "<group>"; };
		6BF9D0D81A2D03390055E654 /* LatinHypercube.cpp */ = {isa = PBXFileReference; fileEncoding = 4; lastKnownFileType = sourcecode.cpp.cpp; path = LatinHypercube.cpp; sourceTree = "<group>"; };
		6BF9D0D91A2D03390055E654 /* LatinHypercube.h */ = {isa = PBXFileReference; fileEncoding = 4; lastKnownFileType = sourcecode.c.h; path = LatinHypercube.h; sourceTree = "<group>"; };
		6BF9D0DB1A2D33630055E654 /* UtilDonnowhere.cpp */ = {isa = PBXFileReference; fileEncoding = 4; lastKnownFileType = sourcecode.cpp.cpp; path = UtilDonnowhere.cpp; sourceTree = "<group>"; };
		6BF9D0DF1A2E93F80055E654 /* UtilDonnowhere.h */ = {isa = PBXFileReference; lastKnownFileType = sourcecode.c.h; path = UtilDonnowhere.h; sourceTree = "<group>"; };
		6BF9D0E01A2E96E90055E654 /* GeneticAlgorithm.cpp */ = {isa = PBXFileReference; fileEncoding = 4; lastKnownFileType = sourcecode.cpp.cpp; path = GeneticAlgorithm.cpp; sourceTree = "<group>"; };
/* End PBXFileReference section */

/* Begin PBXFrameworksBuildPhase section */
		6BF9D0C51A2CBC690055E654 /* Frameworks */ = {
			isa = PBXFrameworksBuildPhase;
			buildActionMask = 2147483647;
			files = (
			);
			runOnlyForDeploymentPostprocessing = 0;
		};
/* End PBXFrameworksBuildPhase section */

/* Begin PBXGroup section */
		6BF9D0BF1A2CBC690055E654 = {
			isa = PBXGroup;
			children = (
				6BF9D0CA1A2CBC690055E654 /* ParEGOIteration3 */,
				6BF9D0C91A2CBC690055E654 /* Products */,
			);
			sourceTree = "<group>";
		};
		6BF9D0C91A2CBC690055E654 /* Products */ = {
			isa = PBXGroup;
			children = (
				6BF9D0C81A2CBC690055E654 /* ParEGOIteration3 */,
			);
			name = Products;
			sourceTree = "<group>";
		};
		6BF9D0CA1A2CBC690055E654 /* ParEGOIteration3 */ = {
			isa = PBXGroup;
			children = (
				6BF9D0D21A2CCDC70055E654 /* ParEGOIteration3.cpp */,
				6BF9D0DB1A2D33630055E654 /* UtilDonnowhere.cpp */,
				6BF9D0E01A2E96E90055E654 /* GeneticAlgorithm.cpp */,
				6B293BD21A2F45DE00CC33FC /* FitnessFunction.h */,
				6BF9D0DF1A2E93F80055E654 /* UtilDonnowhere.h */,
				6BF9D0D81A2D03390055E654 /* LatinHypercube.cpp */,
				6BF9D0D91A2D03390055E654 /* LatinHypercube.h */,
				6BF9D0D31A2CCDC70055E654 /* ParEGOIteration3.h */,
			);
			path = ParEGOIteration3;
			sourceTree = "<group>";
		};
/* End PBXGroup section */

/* Begin PBXNativeTarget section */
		6BF9D0C71A2CBC690055E654 /* ParEGOIteration3 */ = {
			isa = PBXNativeTarget;
			buildConfigurationList = 6BF9D0CF1A2CBC690055E654 /* Build configuration list for PBXNativeTarget "ParEGOIteration3" */;
			buildPhases = (
				6BF9D0C41A2CBC690055E654 /* Sources */,
				6BF9D0C51A2CBC690055E654 /* Frameworks */,
				6BF9D0C61A2CBC690055E654 /* CopyFiles */,
			);
			buildRules = (
			);
			dependencies = (
			);
			name = ParEGOIteration3;
			productName = ParEGOIteration3;
			productReference = 6BF9D0C81A2CBC690055E654 /* ParEGOIteration3 */;
			productType = "com.apple.product-type.tool";
		};
/* End PBXNativeTarget section */

/* Begin PBXProject section */
		6BF9D0C01A2CBC690055E654 /* Project object */ = {
			isa = PBXProject;
			attributes = {
				LastUpgradeCheck = 0610;
				ORGANIZATIONNAME = "Bianca Cristina Cristescu";
				TargetAttributes = {
					6BF9D0C71A2CBC690055E654 = {
						CreatedOnToolsVersion = 6.1;
					};
				};
			};
			buildConfigurationList = 6BF9D0C31A2CBC690055E654 /* Build configuration list for PBXProject "ParEGOIteration3" */;
			compatibilityVersion = "Xcode 3.2";
			developmentRegion = English;
			hasScannedForEncodings = 0;
			knownRegions = (
				en,
			);
			mainGroup = 6BF9D0BF1A2CBC690055E654;
			productRefGroup = 6BF9D0C91A2CBC690055E654 /* Products */;
			projectDirPath = "";
			projectRoot = "";
			targets = (
				6BF9D0C71A2CBC690055E654 /* ParEGOIteration3 */,
			);
		};
/* End PBXProject section */

/* Begin PBXSourcesBuildPhase section */
		6BF9D0C41A2CBC690055E654 /* Sources */ = {
			isa = PBXSourcesBuildPhase;
			buildActionMask = 2147483647;
			files = (
				6BF9D0DA1A2D03390055E654 /* LatinHypercube.cpp in Sources */,
				6BF9D0D41A2CCDC70055E654 /* ParEGOIteration3.cpp in Sources */,
			);
			runOnlyForDeploymentPostprocessing = 0;
		};
/* End PBXSourcesBuildPhase section */

/* Begin XCBuildConfiguration section */
		6BF9D0CD1A2CBC690055E654 /* Debug */ = {
			isa = XCBuildConfiguration;
			buildSettings = {
				ALWAYS_SEARCH_USER_PATHS = NO;
				CLANG_CXX_LANGUAGE_STANDARD = "gnu++0x";
				CLANG_CXX_LIBRARY = "libc++";
				CLANG_ENABLE_MODULES = YES;
				CLANG_ENABLE_OBJC_ARC = YES;
				CLANG_WARN_BOOL_CONVERSION = YES;
				CLANG_WARN_CONSTANT_CONVERSION = YES;
				CLANG_WARN_DIRECT_OBJC_ISA_USAGE = YES_ERROR;
				CLANG_WARN_EMPTY_BODY = YES;
				CLANG_WARN_ENUM_CONVERSION = YES;
				CLANG_WARN_INT_CONVERSION = YES;
				CLANG_WARN_OBJC_ROOT_CLASS = YES_ERROR;
				CLANG_WARN_UNREACHABLE_CODE = YES;
				CLANG_WARN__DUPLICATE_METHOD_MATCH = YES;
				COPY_PHASE_STRIP = NO;
				ENABLE_STRICT_OBJC_MSGSEND = YES;
				GCC_C_LANGUAGE_STANDARD = gnu99;
				GCC_DYNAMIC_NO_PIC = NO;
				GCC_OPTIMIZATION_LEVEL = 0;
				GCC_PREPROCESSOR_DEFINITIONS = (
					"DEBUG=1",
					"$(inherited)",
				);
				GCC_SYMBOLS_PRIVATE_EXTERN = NO;
				GCC_WARN_64_TO_32_BIT_CONVERSION = YES;
				GCC_WARN_ABOUT_RETURN_TYPE = YES_ERROR;
				GCC_WARN_UNDECLARED_SELECTOR = YES;
				GCC_WARN_UNINITIALIZED_AUTOS = YES_AGGRESSIVE;
				GCC_WARN_UNUSED_FUNCTION = YES;
				GCC_WARN_UNUSED_VARIABLE = YES;
				MACOSX_DEPLOYMENT_TARGET = 10.9;
				MTL_ENABLE_DEBUG_INFO = YES;
				ONLY_ACTIVE_ARCH = YES;
				SDKROOT = macosx;
			};
			name = Debug;
		};
		6BF9D0CE1A2CBC690055E654 /* Release */ = {
			isa = XCBuildConfiguration;
			buildSettings = {
				ALWAYS_SEARCH_USER_PATHS = NO;
				CLANG_CXX_LANGUAGE_STANDARD = "gnu++0x";
				CLANG_CXX_LIBRARY = "libc++";
				CLANG_ENABLE_MODULES = YES;
				CLANG_ENABLE_OBJC_ARC = YES;
				CLANG_WARN_BOOL_CONVERSION = YES;
				CLANG_WARN_CONSTANT_CONVERSION = YES;
				CLANG_WARN_DIRECT_OBJC_ISA_USAGE = YES_ERROR;
				CLANG_WARN_EMPTY_BODY = YES;
				CLANG_WARN_ENUM_CONVERSION = YES;
				CLANG_WARN_INT_CONVERSION = YES;
				CLANG_WARN_OBJC_ROOT_CLASS = YES_ERROR;
				CLANG_WARN_UNREACHABLE_CODE = YES;
				CLANG_WARN__DUPLICATE_METHOD_MATCH = YES;
				COPY_PHASE_STRIP = YES;
				DEBUG_INFORMATION_FORMAT = "dwarf-with-dsym";
				ENABLE_NS_ASSERTIONS = NO;
				ENABLE_STRICT_OBJC_MSGSEND = YES;
				GCC_C_LANGUAGE_STANDARD = gnu99;
				GCC_WARN_64_TO_32_BIT_CONVERSION = YES;
				GCC_WARN_ABOUT_RETURN_TYPE = YES_ERROR;
				GCC_WARN_UNDECLARED_SELECTOR = YES;
				GCC_WARN_UNINITIALIZED_AUTOS = YES_AGGRESSIVE;
				GCC_WARN_UNUSED_FUNCTION = YES;
				GCC_WARN_UNUSED_VARIABLE = YES;
				MACOSX_DEPLOYMENT_TARGET = 10.9;
				MTL_ENABLE_DEBUG_INFO = NO;
				SDKROOT = macosx;
			};
			name = Release;
		};
		6BF9D0D01A2CBC690055E654 /* Debug */ = {
			isa = XCBuildConfiguration;
			buildSettings = {
				PRODUCT_NAME = "$(TARGET_NAME)";
			};
			name = Debug;
		};
		6BF9D0D11A2CBC690055E654 /* Release */ = {
			isa = XCBuildConfiguration;
			buildSettings = {
				PRODUCT_NAME = "$(TARGET_NAME)";
			};
			name = Release;
		};
/* End XCBuildConfiguration section */

/* Begin XCConfigurationList section */
		6BF9D0C31A2CBC690055E654 /* Build configuration list for PBXProject "ParEGOIteration3" */ = {
			isa = XCConfigurationList;
			buildConfigurations = (
				6BF9D0CD1A2CBC690055E654 /* Debug */,
				6BF9D0CE1A2CBC690055E654 /* Release */,
			);
			defaultConfigurationIsVisible = 0;
			defaultConfigurationName = Release;
		};
		6BF9D0CF1A2CBC690055E654 /* Build configuration list for PBXNativeTarget "ParEGOIteration3" */ = {
			isa = XCConfigurationList;
			buildConfigurations = (
				6BF9D0D01A2CBC690055E654 /* Debug */,
				6BF9D0D11A2CBC690055E654 /* Release */,
			);
			defaultConfigurationIsVisible = 0;
			defaultConfigurationName = Release;
		};
/* End XCConfigurationList section */
	};
	rootObject = 6BF9D0C01A2CBC690055E654 /* Project object */;
}
