// !$*UTF8*$!
{
	archiveVersion = 1;
	classes = {
	};
	objectVersion = 46;
	objects = {

/* Begin PBXBuildFile section */
		6B18EFFD1A91116600AD98A5 /* ParEGO.cc in Sources */ = {isa = PBXBuildFile; fileRef = 6B18EFFC1A91116600AD98A5 /* ParEGO.cc */; };
		6B18EFFF1A915ED500AD98A5 /* matpack.a in Frameworks */ = {isa = PBXBuildFile; fileRef = 6B18EFFE1A915ED500AD98A5 /* matpack.a */; settings = {ATTRIBUTES = (Required, ); }; };
/* End PBXBuildFile section */

/* Begin PBXCopyFilesBuildPhase section */
		6B18EFF01A91114500AD98A5 /* CopyFiles */ = {
			isa = PBXCopyFilesBuildPhase;
			buildActionMask = 2147483647;
			dstPath = /usr/share/man/man1/;
			dstSubfolderSpec = 0;
			files = (
			);
			runOnlyForDeploymentPostprocessing = 1;
		};
/* End PBXCopyFilesBuildPhase section */

/* Begin PBXFileReference section */
		6B18EFF21A91114500AD98A5 /* ParEGOMatpack */ = {isa = PBXFileReference; explicitFileType = "compiled.mach-o.executable"; includeInIndex = 0; path = ParEGOMatpack; sourceTree = BUILT_PRODUCTS_DIR; };
		6B18EFFC1A91116600AD98A5 /* ParEGO.cc */ = {isa = PBXFileReference; fileEncoding = 4; lastKnownFileType = sourcecode.cpp.cpp; name = ParEGO.cc; path = ../ParEGO/ParEGO.cc; sourceTree = "<group>"; };
		6B18EFFE1A915ED500AD98A5 /* matpack.a */ = {isa = PBXFileReference; lastKnownFileType = archive.ar; name = matpack.a; path = ../../matpack/matpack.a; sourceTree = "<group>"; };
/* End PBXFileReference section */

/* Begin PBXFrameworksBuildPhase section */
		6B18EFEF1A91114500AD98A5 /* Frameworks */ = {
			isa = PBXFrameworksBuildPhase;
			buildActionMask = 2147483647;
			files = (
				6B18EFFF1A915ED500AD98A5 /* matpack.a in Frameworks */,
			);
			runOnlyForDeploymentPostprocessing = 0;
		};
/* End PBXFrameworksBuildPhase section */

/* Begin PBXGroup section */
		6B18EFE91A91114500AD98A5 = {
			isa = PBXGroup;
			children = (
				6B18EFFE1A915ED500AD98A5 /* matpack.a */,
				6B18EFFC1A91116600AD98A5 /* ParEGO.cc */,
				6B18EFF41A91114500AD98A5 /* ParEGOMatpack */,
				6B18EFF31A91114500AD98A5 /* Products */,
			);
			sourceTree = "<group>";
		};
		6B18EFF31A91114500AD98A5 /* Products */ = {
			isa = PBXGroup;
			children = (
				6B18EFF21A91114500AD98A5 /* ParEGOMatpack */,
			);
			name = Products;
			sourceTree = "<group>";
		};
		6B18EFF41A91114500AD98A5 /* ParEGOMatpack */ = {
			isa = PBXGroup;
			children = (
			);
			path = ParEGOMatpack;
			sourceTree = "<group>";
		};
/* End PBXGroup section */

/* Begin PBXNativeTarget section */
		6B18EFF11A91114500AD98A5 /* ParEGOMatpack */ = {
			isa = PBXNativeTarget;
			buildConfigurationList = 6B18EFF91A91114500AD98A5 /* Build configuration list for PBXNativeTarget "ParEGOMatpack" */;
			buildPhases = (
				6B18EFEE1A91114500AD98A5 /* Sources */,
				6B18EFEF1A91114500AD98A5 /* Frameworks */,
				6B18EFF01A91114500AD98A5 /* CopyFiles */,
			);
			buildRules = (
			);
			dependencies = (
			);
			name = ParEGOMatpack;
			productName = ParEGOMatpack;
			productReference = 6B18EFF21A91114500AD98A5 /* ParEGOMatpack */;
			productType = "com.apple.product-type.tool";
		};
/* End PBXNativeTarget section */

/* Begin PBXProject section */
		6B18EFEA1A91114500AD98A5 /* Project object */ = {
			isa = PBXProject;
			attributes = {
				LastUpgradeCheck = 0610;
				ORGANIZATIONNAME = "Bianca Cristina Cristescu";
				TargetAttributes = {
					6B18EFF11A91114500AD98A5 = {
						CreatedOnToolsVersion = 6.1.1;
					};
				};
			};
			buildConfigurationList = 6B18EFED1A91114500AD98A5 /* Build configuration list for PBXProject "ParEGOMatpack" */;
			compatibilityVersion = "Xcode 3.2";
			developmentRegion = English;
			hasScannedForEncodings = 0;
			knownRegions = (
				en,
			);
			mainGroup = 6B18EFE91A91114500AD98A5;
			productRefGroup = 6B18EFF31A91114500AD98A5 /* Products */;
			projectDirPath = "";
			projectRoot = "";
			targets = (
				6B18EFF11A91114500AD98A5 /* ParEGOMatpack */,
			);
		};
/* End PBXProject section */

/* Begin PBXSourcesBuildPhase section */
		6B18EFEE1A91114500AD98A5 /* Sources */ = {
			isa = PBXSourcesBuildPhase;
			buildActionMask = 2147483647;
			files = (
				6B18EFFD1A91116600AD98A5 /* ParEGO.cc in Sources */,
			);
			runOnlyForDeploymentPostprocessing = 0;
		};
/* End PBXSourcesBuildPhase section */

/* Begin XCBuildConfiguration section */
		6B18EFF71A91114500AD98A5 /* Debug */ = {
			isa = XCBuildConfiguration;
			buildSettings = {
				ALWAYS_SEARCH_USER_PATHS = NO;
				CLANG_CXX_LANGUAGE_STANDARD = "gnu++0x";
				CLANG_CXX_LIBRARY = "libc++";
				CLANG_ENABLE_MODULES = YES;
				CLANG_ENABLE_OBJC_ARC = YES;
				CLANG_WARN_BOOL_CONVERSION = YES;
				CLANG_WARN_CONSTANT_CONVERSION = YES;
				CLANG_WARN_DIRECT_OBJC_ISA_USAGE = YES_ERROR;
				CLANG_WARN_EMPTY_BODY = YES;
				CLANG_WARN_ENUM_CONVERSION = YES;
				CLANG_WARN_INT_CONVERSION = YES;
				CLANG_WARN_OBJC_ROOT_CLASS = YES_ERROR;
				CLANG_WARN_UNREACHABLE_CODE = YES;
				CLANG_WARN__DUPLICATE_METHOD_MATCH = YES;
				COPY_PHASE_STRIP = NO;
				ENABLE_STRICT_OBJC_MSGSEND = YES;
				GCC_C_LANGUAGE_STANDARD = gnu99;
				GCC_DYNAMIC_NO_PIC = NO;
				GCC_OPTIMIZATION_LEVEL = 0;
				GCC_PREPROCESSOR_DEFINITIONS = (
					"DEBUG=1",
					"$(inherited)",
				);
				GCC_SYMBOLS_PRIVATE_EXTERN = NO;
				GCC_WARN_64_TO_32_BIT_CONVERSION = YES;
				GCC_WARN_ABOUT_RETURN_TYPE = YES_ERROR;
				GCC_WARN_UNDECLARED_SELECTOR = YES;
				GCC_WARN_UNINITIALIZED_AUTOS = YES_AGGRESSIVE;
				GCC_WARN_UNUSED_FUNCTION = YES;
				GCC_WARN_UNUSED_VARIABLE = YES;
				MACOSX_DEPLOYMENT_TARGET = 10.9;
				MTL_ENABLE_DEBUG_INFO = YES;
				ONLY_ACTIVE_ARCH = YES;
				SDKROOT = macosx;
			};
			name = Debug;
		};
		6B18EFF81A91114500AD98A5 /* Release */ = {
			isa = XCBuildConfiguration;
			buildSettings = {
				ALWAYS_SEARCH_USER_PATHS = NO;
				CLANG_CXX_LANGUAGE_STANDARD = "gnu++0x";
				CLANG_CXX_LIBRARY = "libc++";
				CLANG_ENABLE_MODULES = YES;
				CLANG_ENABLE_OBJC_ARC = YES;
				CLANG_WARN_BOOL_CONVERSION = YES;
				CLANG_WARN_CONSTANT_CONVERSION = YES;
				CLANG_WARN_DIRECT_OBJC_ISA_USAGE = YES_ERROR;
				CLANG_WARN_EMPTY_BODY = YES;
				CLANG_WARN_ENUM_CONVERSION = YES;
				CLANG_WARN_INT_CONVERSION = YES;
				CLANG_WARN_OBJC_ROOT_CLASS = YES_ERROR;
				CLANG_WARN_UNREACHABLE_CODE = YES;
				CLANG_WARN__DUPLICATE_METHOD_MATCH = YES;
				COPY_PHASE_STRIP = YES;
				DEBUG_INFORMATION_FORMAT = "dwarf-with-dsym";
				ENABLE_NS_ASSERTIONS = NO;
				ENABLE_STRICT_OBJC_MSGSEND = YES;
				GCC_C_LANGUAGE_STANDARD = gnu99;
				GCC_WARN_64_TO_32_BIT_CONVERSION = YES;
				GCC_WARN_ABOUT_RETURN_TYPE = YES_ERROR;
				GCC_WARN_UNDECLARED_SELECTOR = YES;
				GCC_WARN_UNINITIALIZED_AUTOS = YES_AGGRESSIVE;
				GCC_WARN_UNUSED_FUNCTION = YES;
				GCC_WARN_UNUSED_VARIABLE = YES;
				MACOSX_DEPLOYMENT_TARGET = 10.9;
				MTL_ENABLE_DEBUG_INFO = NO;
				SDKROOT = macosx;
			};
			name = Release;
		};
		6B18EFFA1A91114500AD98A5 /* Debug */ = {
			isa = XCBuildConfiguration;
			buildSettings = {
				LIBRARY_SEARCH_PATHS = (
					"$(inherited)",
					/Users/cristina/projectDev/GitRepoParEGO/matpack,
				);
				PRODUCT_NAME = "$(TARGET_NAME)";
			};
			name = Debug;
		};
		6B18EFFB1A91114500AD98A5 /* Release */ = {
			isa = XCBuildConfiguration;
			buildSettings = {
				LIBRARY_SEARCH_PATHS = (
					"$(inherited)",
					/Users/cristina/projectDev/GitRepoParEGO/matpack,
				);
				PRODUCT_NAME = "$(TARGET_NAME)";
			};
			name = Release;
		};
/* End XCBuildConfiguration section */

/* Begin XCConfigurationList section */
		6B18EFED1A91114500AD98A5 /* Build configuration list for PBXProject "ParEGOMatpack" */ = {
			isa = XCConfigurationList;
			buildConfigurations = (
				6B18EFF71A91114500AD98A5 /* Debug */,
				6B18EFF81A91114500AD98A5 /* Release */,
			);
			defaultConfigurationIsVisible = 0;
			defaultConfigurationName = Release;
		};
		6B18EFF91A91114500AD98A5 /* Build configuration list for PBXNativeTarget "ParEGOMatpack" */ = {
			isa = XCConfigurationList;
			buildConfigurations = (
				6B18EFFA1A91114500AD98A5 /* Debug */,
				6B18EFFB1A91114500AD98A5 /* Release */,
			);
			defaultConfigurationIsVisible = 0;
		};
/* End XCConfigurationList section */
	};
	rootObject = 6B18EFEA1A91114500AD98A5 /* Project object */;
}
