// !$*UTF8*$!
{
	archiveVersion = 1;
	classes = {
	};
	objectVersion = 46;
	objects = {

/* Begin PBXBuildFile section */
		6B06690E1AA0C07F00258B5C /* DACE.cpp in Sources */ = {isa = PBXBuildFile; fileRef = 6B0669061AA0C07F00258B5C /* DACE.cpp */; };
		6B06690F1AA0C07F00258B5C /* GeneticAlgorithm.cpp in Sources */ = {isa = PBXBuildFile; fileRef = 6B0669071AA0C07F00258B5C /* GeneticAlgorithm.cpp */; };
		6B0669101AA0C07F00258B5C /* Matrix.cpp in Sources */ = {isa = PBXBuildFile; fileRef = 6B0669081AA0C07F00258B5C /* Matrix.cpp */; };
		6B0669111AA0C07F00258B5C /* ParEGOIteration7.cpp in Sources */ = {isa = PBXBuildFile; fileRef = 6B0669091AA0C07F00258B5C /* ParEGOIteration7.cpp */; };
		6B0669121AA0C07F00258B5C /* SearchSpace.cpp in Sources */ = {isa = PBXBuildFile; fileRef = 6B06690A1AA0C07F00258B5C /* SearchSpace.cpp */; };
		6B0669131AA0C07F00258B5C /* Utilities.cpp in Sources */ = {isa = PBXBuildFile; fileRef = 6B06690B1AA0C07F00258B5C /* Utilities.cpp */; };
		6B0669141AA0C07F00258B5C /* WeightVector.cpp in Sources */ = {isa = PBXBuildFile; fileRef = 6B06690C1AA0C07F00258B5C /* WeightVector.cpp */; };
/* End PBXBuildFile section */

/* Begin PBXCopyFilesBuildPhase section */
		6B0668F31AA0C00D00258B5C /* CopyFiles */ = {
			isa = PBXCopyFilesBuildPhase;
			buildActionMask = 2147483647;
			dstPath = /usr/share/man/man1/;
			dstSubfolderSpec = 0;
			files = (
			);
			runOnlyForDeploymentPostprocessing = 1;
		};
/* End PBXCopyFilesBuildPhase section */

/* Begin PBXFileReference section */
		6B0668F51AA0C00D00258B5C /* ParEGOIteration8 */ = {isa = PBXFileReference; explicitFileType = "compiled.mach-o.executable"; includeInIndex = 0; path = ParEGOIteration8; sourceTree = BUILT_PRODUCTS_DIR; };
		6B0669001AA0C07F00258B5C /* DACE.h */ = {isa = PBXFileReference; fileEncoding = 4; lastKnownFileType = sourcecode.c.h; path = DACE.h; sourceTree = "<group>"; };
		6B0669011AA0C07F00258B5C /* GeneticAlgorithm.h */ = {isa = PBXFileReference; fileEncoding = 4; lastKnownFileType = sourcecode.c.h; path = GeneticAlgorithm.h; sourceTree = "<group>"; };
		6B0669021AA0C07F00258B5C /* Matrix.h */ = {isa = PBXFileReference; fileEncoding = 4; lastKnownFileType = sourcecode.c.h; path = Matrix.h; sourceTree = "<group>"; };
		6B0669031AA0C07F00258B5C /* SearchSpace.h */ = {isa = PBXFileReference; fileEncoding = 4; lastKnownFileType = sourcecode.c.h; path = SearchSpace.h; sourceTree = "<group>"; };
		6B0669041AA0C07F00258B5C /* Vector.h */ = {isa = PBXFileReference; fileEncoding = 4; lastKnownFileType = sourcecode.c.h; path = Vector.h; sourceTree = "<group>"; };
		6B0669051AA0C07F00258B5C /* WeightVector.h */ = {isa = PBXFileReference; fileEncoding = 4; lastKnownFileType = sourcecode.c.h; path = WeightVector.h; sourceTree = "<group>"; };
		6B0669061AA0C07F00258B5C /* DACE.cpp */ = {isa = PBXFileReference; fileEncoding = 4; lastKnownFileType = sourcecode.cpp.cpp; path = DACE.cpp; sourceTree = "<group>"; };
		6B0669071AA0C07F00258B5C /* GeneticAlgorithm.cpp */ = {isa = PBXFileReference; fileEncoding = 4; lastKnownFileType = sourcecode.cpp.cpp; path = GeneticAlgorithm.cpp; sourceTree = "<group>"; };
		6B0669081AA0C07F00258B5C /* Matrix.cpp */ = {isa = PBXFileReference; fileEncoding = 4; lastKnownFileType = sourcecode.cpp.cpp; path = Matrix.cpp; sourceTree = "<group>"; };
		6B0669091AA0C07F00258B5C /* ParEGOIteration7.cpp */ = {isa = PBXFileReference; fileEncoding = 4; lastKnownFileType = sourcecode.cpp.cpp; path = ParEGOIteration7.cpp; sourceTree = "<group>"; };
		6B06690A1AA0C07F00258B5C /* SearchSpace.cpp */ = {isa = PBXFileReference; fileEncoding = 4; lastKnownFileType = sourcecode.cpp.cpp; path = SearchSpace.cpp; sourceTree = "<group>"; };
		6B06690B1AA0C07F00258B5C /* Utilities.cpp */ = {isa = PBXFileReference; fileEncoding = 4; lastKnownFileType = sourcecode.cpp.cpp; path = Utilities.cpp; sourceTree = "<group>"; };
		6B06690C1AA0C07F00258B5C /* WeightVector.cpp */ = {isa = PBXFileReference; fileEncoding = 4; lastKnownFileType = sourcecode.cpp.cpp; path = WeightVector.cpp; sourceTree = "<group>"; };
/* End PBXFileReference section */

/* Begin PBXFrameworksBuildPhase section */
		6B0668F21AA0C00D00258B5C /* Frameworks */ = {
			isa = PBXFrameworksBuildPhase;
			buildActionMask = 2147483647;
			files = (
			);
			runOnlyForDeploymentPostprocessing = 0;
		};
/* End PBXFrameworksBuildPhase section */

/* Begin PBXGroup section */
		6B0668EC1AA0C00D00258B5C = {
			isa = PBXGroup;
			children = (
				6B0668F71AA0C00D00258B5C /* ParEGOIteration8 */,
				6B0668F61AA0C00D00258B5C /* Products */,
			);
			sourceTree = "<group>";
		};
		6B0668F61AA0C00D00258B5C /* Products */ = {
			isa = PBXGroup;
			children = (
				6B0668F51AA0C00D00258B5C /* ParEGOIteration8 */,
			);
			name = Products;
			sourceTree = "<group>";
		};
		6B0668F71AA0C00D00258B5C /* ParEGOIteration8 */ = {
			isa = PBXGroup;
			children = (
				6B0669001AA0C07F00258B5C /* DACE.h */,
				6B0669011AA0C07F00258B5C /* GeneticAlgorithm.h */,
				6B0669021AA0C07F00258B5C /* Matrix.h */,
				6B0669031AA0C07F00258B5C /* SearchSpace.h */,
				6B0669041AA0C07F00258B5C /* Vector.h */,
				6B0669051AA0C07F00258B5C /* WeightVector.h */,
				6B0669061AA0C07F00258B5C /* DACE.cpp */,
				6B0669071AA0C07F00258B5C /* GeneticAlgorithm.cpp */,
				6B0669081AA0C07F00258B5C /* Matrix.cpp */,
				6B0669091AA0C07F00258B5C /* ParEGOIteration7.cpp */,
				6B06690A1AA0C07F00258B5C /* SearchSpace.cpp */,
				6B06690B1AA0C07F00258B5C /* Utilities.cpp */,
				6B06690C1AA0C07F00258B5C /* WeightVector.cpp */,
			);
			path = ParEGOIteration8;
			sourceTree = "<group>";
		};
/* End PBXGroup section */

/* Begin PBXNativeTarget section */
		6B0668F41AA0C00D00258B5C /* ParEGOIteration8 */ = {
			isa = PBXNativeTarget;
			buildConfigurationList = 6B0668FC1AA0C00D00258B5C /* Build configuration list for PBXNativeTarget "ParEGOIteration8" */;
			buildPhases = (
				6B0668F11AA0C00D00258B5C /* Sources */,
				6B0668F21AA0C00D00258B5C /* Frameworks */,
				6B0668F31AA0C00D00258B5C /* CopyFiles */,
			);
			buildRules = (
			);
			dependencies = (
			);
			name = ParEGOIteration8;
			productName = ParEGOIteration8;
			productReference = 6B0668F51AA0C00D00258B5C /* ParEGOIteration8 */;
			productType = "com.apple.product-type.tool";
		};
/* End PBXNativeTarget section */

/* Begin PBXProject section */
		6B0668ED1AA0C00D00258B5C /* Project object */ = {
			isa = PBXProject;
			attributes = {
				LastUpgradeCheck = 0610;
				ORGANIZATIONNAME = "Bianca Cristina Cristescu";
				TargetAttributes = {
					6B0668F41AA0C00D00258B5C = {
						CreatedOnToolsVersion = 6.1.1;
					};
				};
			};
			buildConfigurationList = 6B0668F01AA0C00D00258B5C /* Build configuration list for PBXProject "ParEGOIteration8" */;
			compatibilityVersion = "Xcode 3.2";
			developmentRegion = English;
			hasScannedForEncodings = 0;
			knownRegions = (
				en,
			);
			mainGroup = 6B0668EC1AA0C00D00258B5C;
			productRefGroup = 6B0668F61AA0C00D00258B5C /* Products */;
			projectDirPath = "";
			projectRoot = "";
			targets = (
				6B0668F41AA0C00D00258B5C /* ParEGOIteration8 */,
			);
		};
/* End PBXProject section */

/* Begin PBXSourcesBuildPhase section */
		6B0668F11AA0C00D00258B5C /* Sources */ = {
			isa = PBXSourcesBuildPhase;
			buildActionMask = 2147483647;
			files = (
				6B06690E1AA0C07F00258B5C /* DACE.cpp in Sources */,
				6B0669111AA0C07F00258B5C /* ParEGOIteration7.cpp in Sources */,
				6B0669131AA0C07F00258B5C /* Utilities.cpp in Sources */,
				6B06690F1AA0C07F00258B5C /* GeneticAlgorithm.cpp in Sources */,
				6B0669121AA0C07F00258B5C /* SearchSpace.cpp in Sources */,
				6B0669101AA0C07F00258B5C /* Matrix.cpp in Sources */,
				6B0669141AA0C07F00258B5C /* WeightVector.cpp in Sources */,
			);
			runOnlyForDeploymentPostprocessing = 0;
		};
/* End PBXSourcesBuildPhase section */

/* Begin XCBuildConfiguration section */
		6B0668FA1AA0C00D00258B5C /* Debug */ = {
			isa = XCBuildConfiguration;
			buildSettings = {
				ALWAYS_SEARCH_USER_PATHS = NO;
				CLANG_CXX_LANGUAGE_STANDARD = "gnu++0x";
				CLANG_CXX_LIBRARY = "libc++";
				CLANG_ENABLE_MODULES = YES;
				CLANG_ENABLE_OBJC_ARC = YES;
				CLANG_WARN_BOOL_CONVERSION = YES;
				CLANG_WARN_CONSTANT_CONVERSION = YES;
				CLANG_WARN_DIRECT_OBJC_ISA_USAGE = YES_ERROR;
				CLANG_WARN_EMPTY_BODY = YES;
				CLANG_WARN_ENUM_CONVERSION = YES;
				CLANG_WARN_INT_CONVERSION = YES;
				CLANG_WARN_OBJC_ROOT_CLASS = YES_ERROR;
				CLANG_WARN_UNREACHABLE_CODE = YES;
				CLANG_WARN__DUPLICATE_METHOD_MATCH = YES;
				COPY_PHASE_STRIP = NO;
				ENABLE_STRICT_OBJC_MSGSEND = YES;
				GCC_C_LANGUAGE_STANDARD = gnu99;
				GCC_DYNAMIC_NO_PIC = NO;
				GCC_OPTIMIZATION_LEVEL = 0;
				GCC_PREPROCESSOR_DEFINITIONS = (
					"DEBUG=1",
					"$(inherited)",
				);
				GCC_SYMBOLS_PRIVATE_EXTERN = NO;
				GCC_WARN_64_TO_32_BIT_CONVERSION = YES;
				GCC_WARN_ABOUT_RETURN_TYPE = YES_ERROR;
				GCC_WARN_UNDECLARED_SELECTOR = YES;
				GCC_WARN_UNINITIALIZED_AUTOS = YES_AGGRESSIVE;
				GCC_WARN_UNUSED_FUNCTION = YES;
				GCC_WARN_UNUSED_VARIABLE = YES;
				MACOSX_DEPLOYMENT_TARGET = 10.9;
				MTL_ENABLE_DEBUG_INFO = YES;
				ONLY_ACTIVE_ARCH = YES;
				SDKROOT = macosx;
			};
			name = Debug;
		};
		6B0668FB1AA0C00D00258B5C /* Release */ = {
			isa = XCBuildConfiguration;
			buildSettings = {
				ALWAYS_SEARCH_USER_PATHS = NO;
				CLANG_CXX_LANGUAGE_STANDARD = "gnu++0x";
				CLANG_CXX_LIBRARY = "libc++";
				CLANG_ENABLE_MODULES = YES;
				CLANG_ENABLE_OBJC_ARC = YES;
				CLANG_WARN_BOOL_CONVERSION = YES;
				CLANG_WARN_CONSTANT_CONVERSION = YES;
				CLANG_WARN_DIRECT_OBJC_ISA_USAGE = YES_ERROR;
				CLANG_WARN_EMPTY_BODY = YES;
				CLANG_WARN_ENUM_CONVERSION = YES;
				CLANG_WARN_INT_CONVERSION = YES;
				CLANG_WARN_OBJC_ROOT_CLASS = YES_ERROR;
				CLANG_WARN_UNREACHABLE_CODE = YES;
				CLANG_WARN__DUPLICATE_METHOD_MATCH = YES;
				COPY_PHASE_STRIP = YES;
				DEBUG_INFORMATION_FORMAT = "dwarf-with-dsym";
				ENABLE_NS_ASSERTIONS = NO;
				ENABLE_STRICT_OBJC_MSGSEND = YES;
				GCC_C_LANGUAGE_STANDARD = gnu99;
				GCC_WARN_64_TO_32_BIT_CONVERSION = YES;
				GCC_WARN_ABOUT_RETURN_TYPE = YES_ERROR;
				GCC_WARN_UNDECLARED_SELECTOR = YES;
				GCC_WARN_UNINITIALIZED_AUTOS = YES_AGGRESSIVE;
				GCC_WARN_UNUSED_FUNCTION = YES;
				GCC_WARN_UNUSED_VARIABLE = YES;
				MACOSX_DEPLOYMENT_TARGET = 10.9;
				MTL_ENABLE_DEBUG_INFO = NO;
				SDKROOT = macosx;
			};
			name = Release;
		};
		6B0668FD1AA0C00D00258B5C /* Debug */ = {
			isa = XCBuildConfiguration;
			buildSettings = {
				HEADER_SEARCH_PATHS = (
					"$(inherited)",
					/Applications/Xcode.app/Contents/Developer/Toolchains/XcodeDefault.xctoolchain/usr/include,
					"/Users/cristina/eigen/eigen-eigen-1306d75b4a21/Eigen\n/Users/cristina/eigen/eigen-eigen-1306d75b4a21/Eigen\n",
				);
				PRODUCT_NAME = "$(TARGET_NAME)";
			};
			name = Debug;
		};
		6B0668FE1AA0C00D00258B5C /* Release */ = {
			isa = XCBuildConfiguration;
			buildSettings = {
				HEADER_SEARCH_PATHS = (
					"$(inherited)",
					/Applications/Xcode.app/Contents/Developer/Toolchains/XcodeDefault.xctoolchain/usr/include,
					"/Users/cristina/eigen/eigen-eigen-1306d75b4a21/Eigen\n/Users/cristina/eigen/eigen-eigen-1306d75b4a21/Eigen\n",
				);
				PRODUCT_NAME = "$(TARGET_NAME)";
			};
			name = Release;
		};
/* End XCBuildConfiguration section */

/* Begin XCConfigurationList section */
		6B0668F01AA0C00D00258B5C /* Build configuration list for PBXProject "ParEGOIteration8" */ = {
			isa = XCConfigurationList;
			buildConfigurations = (
				6B0668FA1AA0C00D00258B5C /* Debug */,
				6B0668FB1AA0C00D00258B5C /* Release */,
			);
			defaultConfigurationIsVisible = 0;
			defaultConfigurationName = Release;
		};
		6B0668FC1AA0C00D00258B5C /* Build configuration list for PBXNativeTarget "ParEGOIteration8" */ = {
			isa = XCConfigurationList;
			buildConfigurations = (
				6B0668FD1AA0C00D00258B5C /* Debug */,
				6B0668FE1AA0C00D00258B5C /* Release */,
			);
			defaultConfigurationIsVisible = 0;
		};
/* End XCConfigurationList section */
	};
	rootObject = 6B0668ED1AA0C00D00258B5C /* Project object */;
}
